
Microsoft Visual Studio Solution File, Format Version 12.00
# Visual Studio Version 16
VisualStudioVersion = 16.0.31605.320
MinimumVisualStudioVersion = 10.0.40219.1
Project("{2150E333-8FDC-42A3-9474-1A3956D46DE8}") = "Client", "Client", "{A2052632-5255-4C88-9545-29E989BEB949}"
EndProject
Project("{2150E333-8FDC-42A3-9474-1A3956D46DE8}") = "DrinkService", "DrinkService", "{2F0D50CB-7DDE-447F-AADE-CB50CE50AB44}"
EndProject
Project("{2150E333-8FDC-42A3-9474-1A3956D46DE8}") = "FoodService", "FoodService", "{D76EFC17-73CB-4092-8923-D62FE4B5BC04}"
EndProject
Project("{9A19103F-16F7-4668-BE54-9A1E7A4F7556}") = "FoodService", "FoodService\FoodService.csproj", "{4D9382BD-40CA-476A-ADDA-490F2282F609}"
EndProject
Project("{9A19103F-16F7-4668-BE54-9A1E7A4F7556}") = "DrinkService", "DrinkService\DrinkService.csproj", "{1C856562-DC93-4D83-BEF4-DA0735EC23D5}"
EndProject
Project("{9A19103F-16F7-4668-BE54-9A1E7A4F7556}") = "Client", "Client\Client.csproj", "{A47BC917-3180-485D-A013-6E249754F971}"
EndProject
Project("{2150E333-8FDC-42A3-9474-1A3956D46DE8}") = "Gateway", "Gateway", "{9054E1EC-5BEB-407F-AD72-C8CF74AD69F7}"
EndProject
Project("{FAE04EC0-301F-11D3-BF4B-00C04F79EFBC}") = "Gateway", "Gateway\Gateway\Gateway.csproj", "{15DD1C9E-A137-4F61-A0C0-7B42E3191B26}"
EndProject
Global
	GlobalSection(SolutionConfigurationPlatforms) = preSolution
		Debug|Any CPU = Debug|Any CPU
		Release|Any CPU = Release|Any CPU
	EndGlobalSection
	GlobalSection(ProjectConfigurationPlatforms) = postSolution
		{4D9382BD-40CA-476A-ADDA-490F2282F609}.Debug|Any CPU.ActiveCfg = Debug|Any CPU
		{4D9382BD-40CA-476A-ADDA-490F2282F609}.Debug|Any CPU.Build.0 = Debug|Any CPU
		{4D9382BD-40CA-476A-ADDA-490F2282F609}.Release|Any CPU.ActiveCfg = Release|Any CPU
		{4D9382BD-40CA-476A-ADDA-490F2282F609}.Release|Any CPU.Build.0 = Release|Any CPU
		{1C856562-DC93-4D83-BEF4-DA0735EC23D5}.Debug|Any CPU.ActiveCfg = Debug|Any CPU
		{1C856562-DC93-4D83-BEF4-DA0735EC23D5}.Debug|Any CPU.Build.0 = Debug|Any CPU
		{1C856562-DC93-4D83-BEF4-DA0735EC23D5}.Release|Any CPU.ActiveCfg = Release|Any CPU
		{1C856562-DC93-4D83-BEF4-DA0735EC23D5}.Release|Any CPU.Build.0 = Release|Any CPU
		{A47BC917-3180-485D-A013-6E249754F971}.Debug|Any CPU.ActiveCfg = Debug|Any CPU
		{A47BC917-3180-485D-A013-6E249754F971}.Debug|Any CPU.Build.0 = Debug|Any CPU
		{A47BC917-3180-485D-A013-6E249754F971}.Release|Any CPU.ActiveCfg = Release|Any CPU
		{A47BC917-3180-485D-A013-6E249754F971}.Release|Any CPU.Build.0 = Release|Any CPU
		{15DD1C9E-A137-4F61-A0C0-7B42E3191B26}.Debug|Any CPU.ActiveCfg = Debug|Any CPU
		{15DD1C9E-A137-4F61-A0C0-7B42E3191B26}.Debug|Any CPU.Build.0 = Debug|Any CPU
		{15DD1C9E-A137-4F61-A0C0-7B42E3191B26}.Release|Any CPU.ActiveCfg = Release|Any CPU
		{15DD1C9E-A137-4F61-A0C0-7B42E3191B26}.Release|Any CPU.Build.0 = Release|Any CPU
	EndGlobalSection
	GlobalSection(SolutionProperties) = preSolution
		HideSolutionNode = FALSE
	EndGlobalSection
	GlobalSection(NestedProjects) = preSolution
		{4D9382BD-40CA-476A-ADDA-490F2282F609} = {D76EFC17-73CB-4092-8923-D62FE4B5BC04}
		{1C856562-DC93-4D83-BEF4-DA0735EC23D5} = {2F0D50CB-7DDE-447F-AADE-CB50CE50AB44}
		{A47BC917-3180-485D-A013-6E249754F971} = {A2052632-5255-4C88-9545-29E989BEB949}
		{15DD1C9E-A137-4F61-A0C0-7B42E3191B26} = {9054E1EC-5BEB-407F-AD72-C8CF74AD69F7}
	EndGlobalSection
	GlobalSection(ExtensibilityGlobals) = postSolution
		SolutionGuid = {C7C5BE4C-B0E6-4DC3-A7BE-DF4FAE23148D}
	EndGlobalSection
EndGlobal
